
Microsoft Visual Studio Solution File, Format Version 12.00
# Visual Studio Version 17
VisualStudioVersion = 17.11.35312.102
MinimumVisualStudioVersion = 10.0.40219.1
Project("{F184B08F-C81C-45F6-A57F-5ABD9991F28F}") = "TSSIS3", "TSSIS3\TSSIS3.vbproj", "{749CF8FC-C775-47E2-A598-4C042C6FA4E6}"
EndProject
Global
	GlobalSection(SolutionConfigurationPlatforms) = preSolution
		Debug|Any CPU = Debug|Any CPU
		Release|Any CPU = Release|Any CPU
	EndGlobalSection
	GlobalSection(ProjectConfigurationPlatforms) = postSolution
		{749CF8FC-C775-47E2-A598-4C042C6FA4E6}.Debug|Any CPU.ActiveCfg = Debug|Any CPU
		{749CF8FC-C775-47E2-A598-4C042C6FA4E6}.Debug|Any CPU.Build.0 = Debug|Any CPU
		{749CF8FC-C775-47E2-A598-4C042C6FA4E6}.Release|Any CPU.ActiveCfg = Release|Any CPU
		{749CF8FC-C775-47E2-A598-4C042C6FA4E6}.Release|Any CPU.Build.0 = Release|Any CPU
	EndGlobalSection
	GlobalSection(SolutionProperties) = preSolution
		HideSolutionNode = FALSE
	EndGlobalSection
	GlobalSection(ExtensibilityGlobals) = postSolution
		SolutionGuid = {C509F4A8-941C-4428-910F-6707E306C2D4}
	EndGlobalSection
EndGlobal
